// !$*UTF8*$!
{
	archiveVersion = 1;
	classes = {
	};
	objectVersion = 56;
	objects = {

/* Begin PBXBuildFile section */
		4111E81C29F455E7003FA99C /* Simple_Voice_CalculatorApp.swift in Sources */ = {isa = PBXBuildFile; fileRef = 4111E81B29F455E7003FA99C /* Simple_Voice_CalculatorApp.swift */; };
		4111E82029F455E8003FA99C /* Assets.xcassets in Resources */ = {isa = PBXBuildFile; fileRef = 4111E81F29F455E8003FA99C /* Assets.xcassets */; };
		4111E82329F455E8003FA99C /* Preview Assets.xcassets in Resources */ = {isa = PBXBuildFile; fileRef = 4111E82229F455E8003FA99C /* Preview Assets.xcassets */; };
		413C1B6C29F6DEBB0071DD19 /* CalculatorView.swift in Sources */ = {isa = PBXBuildFile; fileRef = 413C1B6B29F6DEBB0071DD19 /* CalculatorView.swift */; };
		413C1B6E29F734AF0071DD19 /* Functions.swift in Sources */ = {isa = PBXBuildFile; fileRef = 413C1B6D29F734AF0071DD19 /* Functions.swift */; };
		413C1B7029F9BB390071DD19 /* SettingsView.swift in Sources */ = {isa = PBXBuildFile; fileRef = 413C1B6F29F9BB390071DD19 /* SettingsView.swift */; };
		413C1B7229FABA0F0071DD19 /* AboutView.swift in Sources */ = {isa = PBXBuildFile; fileRef = 413C1B7129FABA0F0071DD19 /* AboutView.swift */; };
		413C1B7729FC34E30071DD19 /* StoreKit.framework in Frameworks */ = {isa = PBXBuildFile; fileRef = 413C1B7629FC34E30071DD19 /* StoreKit.framework */; };
		413C1B7929FC3C1B0071DD19 /* StoreKitConfiguration.storekit in Resources */ = {isa = PBXBuildFile; fileRef = 413C1B7829FC3C1B0071DD19 /* StoreKitConfiguration.storekit */; };
		413C1B7D29FFD5AF0071DD19 /* OnboardingContainerView.swift in Sources */ = {isa = PBXBuildFile; fileRef = 413C1B7C29FFD5AF0071DD19 /* OnboardingContainerView.swift */; };
		413C1B7F29FFD5C20071DD19 /* OnboardingContentView.swift in Sources */ = {isa = PBXBuildFile; fileRef = 413C1B7E29FFD5C20071DD19 /* OnboardingContentView.swift */; };
/* End PBXBuildFile section */

/* Begin PBXFileReference section */
		4111E81829F455E7003FA99C /* Simple Voice Calculator.app */ = {isa = PBXFileReference; explicitFileType = wrapper.application; includeInIndex = 0; path = "Simple Voice Calculator.app"; sourceTree = BUILT_PRODUCTS_DIR; };
		4111E81B29F455E7003FA99C /* Simple_Voice_CalculatorApp.swift */ = {isa = PBXFileReference; lastKnownFileType = sourcecode.swift; path = Simple_Voice_CalculatorApp.swift; sourceTree = "<group>"; };
		4111E81F29F455E8003FA99C /* Assets.xcassets */ = {isa = PBXFileReference; lastKnownFileType = folder.assetcatalog; path = Assets.xcassets; sourceTree = "<group>"; };
		4111E82229F455E8003FA99C /* Preview Assets.xcassets */ = {isa = PBXFileReference; lastKnownFileType = folder.assetcatalog; path = "Preview Assets.xcassets"; sourceTree = "<group>"; };
		413C1B6B29F6DEBB0071DD19 /* CalculatorView.swift */ = {isa = PBXFileReference; lastKnownFileType = sourcecode.swift; path = CalculatorView.swift; sourceTree = "<group>"; };
		413C1B6D29F734AF0071DD19 /* Functions.swift */ = {isa = PBXFileReference; lastKnownFileType = sourcecode.swift; path = Functions.swift; sourceTree = "<group>"; };
		413C1B6F29F9BB390071DD19 /* SettingsView.swift */ = {isa = PBXFileReference; lastKnownFileType = sourcecode.swift; path = SettingsView.swift; sourceTree = "<group>"; };
		413C1B7129FABA0F0071DD19 /* AboutView.swift */ = {isa = PBXFileReference; lastKnownFileType = sourcecode.swift; path = AboutView.swift; sourceTree = "<group>"; };
		413C1B7629FC34E30071DD19 /* StoreKit.framework */ = {isa = PBXFileReference; lastKnownFileType = wrapper.framework; name = StoreKit.framework; path = System/Library/Frameworks/StoreKit.framework; sourceTree = SDKROOT; };
		413C1B7829FC3C1B0071DD19 /* StoreKitConfiguration.storekit */ = {isa = PBXFileReference; lastKnownFileType = text; name = StoreKitConfiguration.storekit; path = "Simple Voice Calculator/StoreKitConfiguration.storekit"; sourceTree = "<group>"; };
		413C1B7C29FFD5AF0071DD19 /* OnboardingContainerView.swift */ = {isa = PBXFileReference; lastKnownFileType = sourcecode.swift; path = OnboardingContainerView.swift; sourceTree = "<group>"; };
		413C1B7E29FFD5C20071DD19 /* OnboardingContentView.swift */ = {isa = PBXFileReference; lastKnownFileType = sourcecode.swift; path = OnboardingContentView.swift; sourceTree = "<group>"; };
/* End PBXFileReference section */

/* Begin PBXFrameworksBuildPhase section */
		4111E81529F455E7003FA99C /* Frameworks */ = {
			isa = PBXFrameworksBuildPhase;
			buildActionMask = 2147483647;
			files = (
				413C1B7729FC34E30071DD19 /* StoreKit.framework in Frameworks */,
			);
			runOnlyForDeploymentPostprocessing = 0;
		};
/* End PBXFrameworksBuildPhase section */

/* Begin PBXGroup section */
		4111E80F29F455E7003FA99C = {
			isa = PBXGroup;
			children = (
				413C1B7829FC3C1B0071DD19 /* StoreKitConfiguration.storekit */,
				4111E81A29F455E7003FA99C /* Simple Voice Calculator */,
				4111E81929F455E7003FA99C /* Products */,
				413C1B7529FC34E30071DD19 /* Frameworks */,
			);
			sourceTree = "<group>";
		};
		4111E81929F455E7003FA99C /* Products */ = {
			isa = PBXGroup;
			children = (
				4111E81829F455E7003FA99C /* Simple Voice Calculator.app */,
			);
			name = Products;
			sourceTree = "<group>";
		};
		4111E81A29F455E7003FA99C /* Simple Voice Calculator */ = {
			isa = PBXGroup;
			children = (
				4111E81B29F455E7003FA99C /* Simple_Voice_CalculatorApp.swift */,
				413C1B6D29F734AF0071DD19 /* Functions.swift */,
				413C1B6B29F6DEBB0071DD19 /* CalculatorView.swift */,
				413C1B822A00339F0071DD19 /* Onboarding */,
				413C1B6F29F9BB390071DD19 /* SettingsView.swift */,
				413C1B7129FABA0F0071DD19 /* AboutView.swift */,
				4111E81F29F455E8003FA99C /* Assets.xcassets */,
				4111E82129F455E8003FA99C /* Preview Content */,
			);
			path = "Simple Voice Calculator";
			sourceTree = "<group>";
		};
		4111E82129F455E8003FA99C /* Preview Content */ = {
			isa = PBXGroup;
			children = (
				4111E82229F455E8003FA99C /* Preview Assets.xcassets */,
			);
			path = "Preview Content";
			sourceTree = "<group>";
		};
		413C1B7529FC34E30071DD19 /* Frameworks */ = {
			isa = PBXGroup;
			children = (
				413C1B7629FC34E30071DD19 /* StoreKit.framework */,
			);
			name = Frameworks;
			sourceTree = "<group>";
		};
		413C1B822A00339F0071DD19 /* Onboarding */ = {
			isa = PBXGroup;
			children = (
				413C1B7E29FFD5C20071DD19 /* OnboardingContentView.swift */,
				413C1B7C29FFD5AF0071DD19 /* OnboardingContainerView.swift */,
			);
			path = Onboarding;
			sourceTree = "<group>";
		};
/* End PBXGroup section */

/* Begin PBXNativeTarget section */
		4111E81729F455E7003FA99C /* Simple Voice Calculator */ = {
			isa = PBXNativeTarget;
			buildConfigurationList = 4111E82629F455E8003FA99C /* Build configuration list for PBXNativeTarget "Simple Voice Calculator" */;
			buildPhases = (
				4111E81429F455E7003FA99C /* Sources */,
				4111E81529F455E7003FA99C /* Frameworks */,
				4111E81629F455E7003FA99C /* Resources */,
			);
			buildRules = (
			);
			dependencies = (
			);
			name = "Simple Voice Calculator";
			productName = "Simple Voice Calculator";
			productReference = 4111E81829F455E7003FA99C /* Simple Voice Calculator.app */;
			productType = "com.apple.product-type.application";
		};
/* End PBXNativeTarget section */

/* Begin PBXProject section */
		4111E81029F455E7003FA99C /* Project object */ = {
			isa = PBXProject;
			attributes = {
				BuildIndependentTargetsInParallel = 1;
				LastSwiftUpdateCheck = 1430;
				LastUpgradeCheck = 1430;
				TargetAttributes = {
					4111E81729F455E7003FA99C = {
						CreatedOnToolsVersion = 14.3;
					};
				};
			};
			buildConfigurationList = 4111E81329F455E7003FA99C /* Build configuration list for PBXProject "Simple Voice Calculator" */;
			compatibilityVersion = "Xcode 14.0";
			developmentRegion = en;
			hasScannedForEncodings = 0;
			knownRegions = (
				en,
				Base,
			);
			mainGroup = 4111E80F29F455E7003FA99C;
			productRefGroup = 4111E81929F455E7003FA99C /* Products */;
			projectDirPath = "";
			projectRoot = "";
			targets = (
				4111E81729F455E7003FA99C /* Simple Voice Calculator */,
			);
		};
/* End PBXProject section */

/* Begin PBXResourcesBuildPhase section */
		4111E81629F455E7003FA99C /* Resources */ = {
			isa = PBXResourcesBuildPhase;
			buildActionMask = 2147483647;
			files = (
				413C1B7929FC3C1B0071DD19 /* StoreKitConfiguration.storekit in Resources */,
				4111E82329F455E8003FA99C /* Preview Assets.xcassets in Resources */,
				4111E82029F455E8003FA99C /* Assets.xcassets in Resources */,
			);
			runOnlyForDeploymentPostprocessing = 0;
		};
/* End PBXResourcesBuildPhase section */

/* Begin PBXSourcesBuildPhase section */
		4111E81429F455E7003FA99C /* Sources */ = {
			isa = PBXSourcesBuildPhase;
			buildActionMask = 2147483647;
			files = (
				413C1B7029F9BB390071DD19 /* SettingsView.swift in Sources */,
				413C1B6C29F6DEBB0071DD19 /* CalculatorView.swift in Sources */,
				4111E81C29F455E7003FA99C /* Simple_Voice_CalculatorApp.swift in Sources */,
				413C1B7F29FFD5C20071DD19 /* OnboardingContentView.swift in Sources */,
				413C1B6E29F734AF0071DD19 /* Functions.swift in Sources */,
				413C1B7229FABA0F0071DD19 /* AboutView.swift in Sources */,
				413C1B7D29FFD5AF0071DD19 /* OnboardingContainerView.swift in Sources */,
			);
			runOnlyForDeploymentPostprocessing = 0;
		};
/* End PBXSourcesBuildPhase section */

/* Begin XCBuildConfiguration section */
		4111E82429F455E8003FA99C /* Debug */ = {
			isa = XCBuildConfiguration;
			buildSettings = {
				ALWAYS_SEARCH_USER_PATHS = NO;
				CLANG_ANALYZER_NONNULL = YES;
				CLANG_ANALYZER_NUMBER_OBJECT_CONVERSION = YES_AGGRESSIVE;
				CLANG_CXX_LANGUAGE_STANDARD = "gnu++20";
				CLANG_ENABLE_MODULES = YES;
				CLANG_ENABLE_OBJC_ARC = YES;
				CLANG_ENABLE_OBJC_WEAK = YES;
				CLANG_WARN_BLOCK_CAPTURE_AUTORELEASING = YES;
				CLANG_WARN_BOOL_CONVERSION = YES;
				CLANG_WARN_COMMA = YES;
				CLANG_WARN_CONSTANT_CONVERSION = YES;
				CLANG_WARN_DEPRECATED_OBJC_IMPLEMENTATIONS = YES;
				CLANG_WARN_DIRECT_OBJC_ISA_USAGE = YES_ERROR;
				CLANG_WARN_DOCUMENTATION_COMMENTS = YES;
				CLANG_WARN_EMPTY_BODY = YES;
				CLANG_WARN_ENUM_CONVERSION = YES;
				CLANG_WARN_INFINITE_RECURSION = YES;
				CLANG_WARN_INT_CONVERSION = YES;
				CLANG_WARN_NON_LITERAL_NULL_CONVERSION = YES;
				CLANG_WARN_OBJC_IMPLICIT_RETAIN_SELF = YES;
				CLANG_WARN_OBJC_LITERAL_CONVERSION = YES;
				CLANG_WARN_OBJC_ROOT_CLASS = YES_ERROR;
				CLANG_WARN_QUOTED_INCLUDE_IN_FRAMEWORK_HEADER = YES;
				CLANG_WARN_RANGE_LOOP_ANALYSIS = YES;
				CLANG_WARN_STRICT_PROTOTYPES = YES;
				CLANG_WARN_SUSPICIOUS_MOVE = YES;
				CLANG_WARN_UNGUARDED_AVAILABILITY = YES_AGGRESSIVE;
				CLANG_WARN_UNREACHABLE_CODE = YES;
				CLANG_WARN__DUPLICATE_METHOD_MATCH = YES;
				COPY_PHASE_STRIP = NO;
				DEBUG_INFORMATION_FORMAT = dwarf;
				ENABLE_STRICT_OBJC_MSGSEND = YES;
				ENABLE_TESTABILITY = YES;
				GCC_C_LANGUAGE_STANDARD = gnu11;
				GCC_DYNAMIC_NO_PIC = NO;
				GCC_NO_COMMON_BLOCKS = YES;
				GCC_OPTIMIZATION_LEVEL = 0;
				GCC_PREPROCESSOR_DEFINITIONS = (
					"DEBUG=1",
					"$(inherited)",
				);
				GCC_WARN_64_TO_32_BIT_CONVERSION = YES;
				GCC_WARN_ABOUT_RETURN_TYPE = YES_ERROR;
				GCC_WARN_UNDECLARED_SELECTOR = YES;
				GCC_WARN_UNINITIALIZED_AUTOS = YES_AGGRESSIVE;
				GCC_WARN_UNUSED_FUNCTION = YES;
				GCC_WARN_UNUSED_VARIABLE = YES;
				IPHONEOS_DEPLOYMENT_TARGET = 16.4;
				MTL_ENABLE_DEBUG_INFO = INCLUDE_SOURCE;
				MTL_FAST_MATH = YES;
				ONLY_ACTIVE_ARCH = YES;
				SDKROOT = iphoneos;
				SWIFT_ACTIVE_COMPILATION_CONDITIONS = DEBUG;
				SWIFT_OPTIMIZATION_LEVEL = "-Onone";
			};
			name = Debug;
		};
		4111E82529F455E8003FA99C /* Release */ = {
			isa = XCBuildConfiguration;
			buildSettings = {
				ALWAYS_SEARCH_USER_PATHS = NO;
				CLANG_ANALYZER_NONNULL = YES;
				CLANG_ANALYZER_NUMBER_OBJECT_CONVERSION = YES_AGGRESSIVE;
				CLANG_CXX_LANGUAGE_STANDARD = "gnu++20";
				CLANG_ENABLE_MODULES = YES;
				CLANG_ENABLE_OBJC_ARC = YES;
				CLANG_ENABLE_OBJC_WEAK = YES;
				CLANG_WARN_BLOCK_CAPTURE_AUTORELEASING = YES;
				CLANG_WARN_BOOL_CONVERSION = YES;
				CLANG_WARN_COMMA = YES;
				CLANG_WARN_CONSTANT_CONVERSION = YES;
				CLANG_WARN_DEPRECATED_OBJC_IMPLEMENTATIONS = YES;
				CLANG_WARN_DIRECT_OBJC_ISA_USAGE = YES_ERROR;
				CLANG_WARN_DOCUMENTATION_COMMENTS = YES;
				CLANG_WARN_EMPTY_BODY = YES;
				CLANG_WARN_ENUM_CONVERSION = YES;
				CLANG_WARN_INFINITE_RECURSION = YES;
				CLANG_WARN_INT_CONVERSION = YES;
				CLANG_WARN_NON_LITERAL_NULL_CONVERSION = YES;
				CLANG_WARN_OBJC_IMPLICIT_RETAIN_SELF = YES;
				CLANG_WARN_OBJC_LITERAL_CONVERSION = YES;
				CLANG_WARN_OBJC_ROOT_CLASS = YES_ERROR;
				CLANG_WARN_QUOTED_INCLUDE_IN_FRAMEWORK_HEADER = YES;
				CLANG_WARN_RANGE_LOOP_ANALYSIS = YES;
				CLANG_WARN_STRICT_PROTOTYPES = YES;
				CLANG_WARN_SUSPICIOUS_MOVE = YES;
				CLANG_WARN_UNGUARDED_AVAILABILITY = YES_AGGRESSIVE;
				CLANG_WARN_UNREACHABLE_CODE = YES;
				CLANG_WARN__DUPLICATE_METHOD_MATCH = YES;
				COPY_PHASE_STRIP = NO;
				DEBUG_INFORMATION_FORMAT = "dwarf-with-dsym";
				ENABLE_NS_ASSERTIONS = NO;
				ENABLE_STRICT_OBJC_MSGSEND = YES;
				GCC_C_LANGUAGE_STANDARD = gnu11;
				GCC_NO_COMMON_BLOCKS = YES;
				GCC_WARN_64_TO_32_BIT_CONVERSION = YES;
				GCC_WARN_ABOUT_RETURN_TYPE = YES_ERROR;
				GCC_WARN_UNDECLARED_SELECTOR = YES;
				GCC_WARN_UNINITIALIZED_AUTOS = YES_AGGRESSIVE;
				GCC_WARN_UNUSED_FUNCTION = YES;
				GCC_WARN_UNUSED_VARIABLE = YES;
				IPHONEOS_DEPLOYMENT_TARGET = 16.4;
				MTL_ENABLE_DEBUG_INFO = NO;
				MTL_FAST_MATH = YES;
				SDKROOT = iphoneos;
				SWIFT_COMPILATION_MODE = wholemodule;
				SWIFT_OPTIMIZATION_LEVEL = "-O";
				VALIDATE_PRODUCT = YES;
			};
			name = Release;
		};
		4111E82729F455E8003FA99C /* Debug */ = {
			isa = XCBuildConfiguration;
			buildSettings = {
				ASSETCATALOG_COMPILER_APPICON_NAME = AppIcon;
				ASSETCATALOG_COMPILER_GLOBAL_ACCENT_COLOR_NAME = AccentColor;
				CODE_SIGN_STYLE = Automatic;
				CURRENT_PROJECT_VERSION = 9;
				DEVELOPMENT_ASSET_PATHS = "\"Simple Voice Calculator/Preview Content\"";
				DEVELOPMENT_TEAM = JPXSGQNS89;
				ENABLE_PREVIEWS = YES;
				GENERATE_INFOPLIST_FILE = YES;
				INFOPLIST_KEY_CFBundleDisplayName = "Voice Calculator";
				INFOPLIST_KEY_LSApplicationCategoryType = "public.app-category.utilities";
				INFOPLIST_KEY_NSMicrophoneUsageDescription = "This app uses your microphone to process audio into text.";
				INFOPLIST_KEY_NSSpeechRecognitionUsageDescription = "This app uses speech recognition as a primary input, instead of a keyboard.";
				INFOPLIST_KEY_UIApplicationSceneManifest_Generation = YES;
				INFOPLIST_KEY_UIApplicationSupportsIndirectInputEvents = YES;
				INFOPLIST_KEY_UILaunchScreen_Generation = YES;
				INFOPLIST_KEY_UISupportedInterfaceOrientations = UIInterfaceOrientationPortrait;
				INFOPLIST_KEY_UISupportedInterfaceOrientations_iPad = "UIInterfaceOrientationLandscapeLeft UIInterfaceOrientationLandscapeRight UIInterfaceOrientationPortrait UIInterfaceOrientationPortraitUpsideDown";
				LD_RUNPATH_SEARCH_PATHS = (
					"$(inherited)",
					"@executable_path/Frameworks",
				);
				MARKETING_VERSION = 1.0;
				PRODUCT_BUNDLE_IDENTIFIER = "com.raviheyne.Simple-Voice-Calculator";
				PRODUCT_NAME = "$(TARGET_NAME)";
				SWIFT_EMIT_LOC_STRINGS = YES;
				SWIFT_VERSION = 5.0;
				TARGETED_DEVICE_FAMILY = "1,2";
			};
			name = Debug;
		};
		4111E82829F455E8003FA99C /* Release */ = {
			isa = XCBuildConfiguration;
			buildSettings = {
				ASSETCATALOG_COMPILER_APPICON_NAME = AppIcon;
				ASSETCATALOG_COMPILER_GLOBAL_ACCENT_COLOR_NAME = AccentColor;
				CODE_SIGN_STYLE = Automatic;
				CURRENT_PROJECT_VERSION = 9;
				DEVELOPMENT_ASSET_PATHS = "\"Simple Voice Calculator/Preview Content\"";
				DEVELOPMENT_TEAM = JPXSGQNS89;
				ENABLE_PREVIEWS = YES;
				GENERATE_INFOPLIST_FILE = YES;
				INFOPLIST_KEY_CFBundleDisplayName = "Voice Calculator";
				INFOPLIST_KEY_LSApplicationCategoryType = "public.app-category.utilities";
				INFOPLIST_KEY_NSMicrophoneUsageDescription = "This app uses your microphone to process audio into text.";
				INFOPLIST_KEY_NSSpeechRecognitionUsageDescription = "This app uses speech recognition as a primary input, instead of a keyboard.";
				INFOPLIST_KEY_UIApplicationSceneManifest_Generation = YES;
				INFOPLIST_KEY_UIApplicationSupportsIndirectInputEvents = YES;
				INFOPLIST_KEY_UILaunchScreen_Generation = YES;
				INFOPLIST_KEY_UISupportedInterfaceOrientations = UIInterfaceOrientationPortrait;
				INFOPLIST_KEY_UISupportedInterfaceOrientations_iPad = "UIInterfaceOrientationLandscapeLeft UIInterfaceOrientationLandscapeRight UIInterfaceOrientationPortrait UIInterfaceOrientationPortraitUpsideDown";
				LD_RUNPATH_SEARCH_PATHS = (
					"$(inherited)",
					"@executable_path/Frameworks",
				);
				MARKETING_VERSION = 1.0;
				PRODUCT_BUNDLE_IDENTIFIER = "com.raviheyne.Simple-Voice-Calculator";
				PRODUCT_NAME = "$(TARGET_NAME)";
				SWIFT_EMIT_LOC_STRINGS = YES;
				SWIFT_VERSION = 5.0;
				TARGETED_DEVICE_FAMILY = "1,2";
			};
			name = Release;
		};
/* End XCBuildConfiguration section */

/* Begin XCConfigurationList section */
		4111E81329F455E7003FA99C /* Build configuration list for PBXProject "Simple Voice Calculator" */ = {
			isa = XCConfigurationList;
			buildConfigurations = (
				4111E82429F455E8003FA99C /* Debug */,
				4111E82529F455E8003FA99C /* Release */,
			);
			defaultConfigurationIsVisible = 0;
			defaultConfigurationName = Release;
		};
		4111E82629F455E8003FA99C /* Build configuration list for PBXNativeTarget "Simple Voice Calculator" */ = {
			isa = XCConfigurationList;
			buildConfigurations = (
				4111E82729F455E8003FA99C /* Debug */,
				4111E82829F455E8003FA99C /* Release */,
			);
			defaultConfigurationIsVisible = 0;
			defaultConfigurationName = Release;
		};
/* End XCConfigurationList section */
	};
	rootObject = 4111E81029F455E7003FA99C /* Project object */;
}
