{
  "originHash" : "74ce1cca20e1ec974ff98484741e6674979f884ac71afda050c7dfc35e2e969c",
  "pins" : [
    {
      "identity" : "ddmathparser",
      "kind" : "remoteSourceControl",
      "location" : "https://github.com/davedelong/DDMathParser.git",
      "state" : {
        "revision" : "0a159109e2393c3e1db4e2b638009c82e6650b4d",
        "version" : "3.1.0"
      }
    },
    {
      "identity" : "mixpanel-swift",
      "kind" : "remoteSourceControl",
      "location" : "https://github.com/mixpanel/mixpanel-swift",
      "state" : {
        "branch" : "master",
        "revision" : "e7869c433ee01cdc52aa14abf636fe0b412d72f8"
      }
    },
    {
      "identity" : "sentry-cocoa",
      "kind" : "remoteSourceControl",
      "location" : "https://github.com/getsentry/sentry-cocoa.git",
      "state" : {
        "revision" : "f45e9c62d7a4d9258ac3cf35a3acf9dbab4481d1",
        "version" : "8.43.0"
      }
    },
    {
      "identity" : "superscript-ios",
      "kind" : "remoteSourceControl",
      "location" : "https://github.com/superwall/Superscript-iOS",
      "state" : {
        "revision" : "a1ccc64da3c1b208c50de0ea46812f0027b14858",
        "version" : "0.1.18"
      }
    },
    {
      "identity" : "superwall-ios",
      "kind" : "remoteSourceControl",
      "location" : "https://github.com/superwall/Superwall-iOS",
      "state" : {
        "revision" : "191447cb00820b76959049f36c8f88489b14ec87",
        "version" : "4.0.6"
      }
    }
  ],
  "version" : 3
}
